
Microsoft Visual Studio Solution File, Format Version 12.00
Project("{FAE04EC0-301F-11D3-BF4B-00C04F79EFBC}") = "CarRent.Rest.Api", "CarRent.Rest.Api\CarRent.Rest.Api.csproj", "{0434A081-2779-486B-9C41-0C74997F2FAA}"
EndProject
Project("{FAE04EC0-301F-11D3-BF4B-00C04F79EFBC}") = "CarRent.Rest.Api.Test", "CarRent.Rest.Api.Test\CarRent.Rest.Api.Test.csproj", "{CBCF2651-ACF1-40CD-A411-781015E3D0BD}"
EndProject
Project("{FAE04EC0-301F-11D3-BF4B-00C04F79EFBC}") = "CarRent.Web.Server", "CarRent.Web.Server\CarRent.Web.Server.csproj", "{09CC9AE5-7417-41A1-A7A9-03066C9B6445}"
EndProject
Global
	GlobalSection(SolutionConfigurationPlatforms) = preSolution
		Debug|Any CPU = Debug|Any CPU
		Release|Any CPU = Release|Any CPU
	EndGlobalSection
	GlobalSection(ProjectConfigurationPlatforms) = postSolution
		{0434A081-2779-486B-9C41-0C74997F2FAA}.Debug|Any CPU.ActiveCfg = Debug|Any CPU
		{0434A081-2779-486B-9C41-0C74997F2FAA}.Debug|Any CPU.Build.0 = Debug|Any CPU
		{0434A081-2779-486B-9C41-0C74997F2FAA}.Release|Any CPU.ActiveCfg = Release|Any CPU
		{0434A081-2779-486B-9C41-0C74997F2FAA}.Release|Any CPU.Build.0 = Release|Any CPU
		{CBCF2651-ACF1-40CD-A411-781015E3D0BD}.Debug|Any CPU.ActiveCfg = Debug|Any CPU
		{CBCF2651-ACF1-40CD-A411-781015E3D0BD}.Debug|Any CPU.Build.0 = Debug|Any CPU
		{CBCF2651-ACF1-40CD-A411-781015E3D0BD}.Release|Any CPU.ActiveCfg = Release|Any CPU
		{CBCF2651-ACF1-40CD-A411-781015E3D0BD}.Release|Any CPU.Build.0 = Release|Any CPU
		{09CC9AE5-7417-41A1-A7A9-03066C9B6445}.Debug|Any CPU.ActiveCfg = Debug|Any CPU
		{09CC9AE5-7417-41A1-A7A9-03066C9B6445}.Debug|Any CPU.Build.0 = Debug|Any CPU
		{09CC9AE5-7417-41A1-A7A9-03066C9B6445}.Release|Any CPU.ActiveCfg = Release|Any CPU
		{09CC9AE5-7417-41A1-A7A9-03066C9B6445}.Release|Any CPU.Build.0 = Release|Any CPU
	EndGlobalSection
EndGlobal
